
Microsoft Visual Studio Solution File, Format Version 12.00
# Visual Studio 14
VisualStudioVersion = 14.0.23107.0
MinimumVisualStudioVersion = 10.0.40219.1
Project("{FAE04EC0-301F-11D3-BF4B-00C04F79EFBC}") = "WebApiMGR", "WebApiMGR\WebApiMGR.csproj", "{332AF054-6DF4-40BC-857A-D515FF1B2342}"
EndProject
Project("{FAE04EC0-301F-11D3-BF4B-00C04F79EFBC}") = "WebApiMGR.Data", "WebApiMGR.Data\WebApiMGR.Data.csproj", "{34A0140B-6E46-4EFE-B55A-E72E023EC045}"
EndProject
Project("{FAE04EC0-301F-11D3-BF4B-00C04F79EFBC}") = "WebApiMGR.DTOs", "WebApiMGR.DTOs\WebApiMGR.DTOs.csproj", "{2416D104-9666-4C30-80B0-7D5CD2BC3E4C}"
EndProject
Global
	GlobalSection(SolutionConfigurationPlatforms) = preSolution
		Debug|Any CPU = Debug|Any CPU
		Release|Any CPU = Release|Any CPU
	EndGlobalSection
	GlobalSection(ProjectConfigurationPlatforms) = postSolution
		{332AF054-6DF4-40BC-857A-D515FF1B2342}.Debug|Any CPU.ActiveCfg = Debug|Any CPU
		{332AF054-6DF4-40BC-857A-D515FF1B2342}.Debug|Any CPU.Build.0 = Debug|Any CPU
		{332AF054-6DF4-40BC-857A-D515FF1B2342}.Release|Any CPU.ActiveCfg = Release|Any CPU
		{332AF054-6DF4-40BC-857A-D515FF1B2342}.Release|Any CPU.Build.0 = Release|Any CPU
		{34A0140B-6E46-4EFE-B55A-E72E023EC045}.Debug|Any CPU.ActiveCfg = Debug|Any CPU
		{34A0140B-6E46-4EFE-B55A-E72E023EC045}.Debug|Any CPU.Build.0 = Debug|Any CPU
		{34A0140B-6E46-4EFE-B55A-E72E023EC045}.Release|Any CPU.ActiveCfg = Release|Any CPU
		{34A0140B-6E46-4EFE-B55A-E72E023EC045}.Release|Any CPU.Build.0 = Release|Any CPU
		{2416D104-9666-4C30-80B0-7D5CD2BC3E4C}.Debug|Any CPU.ActiveCfg = Debug|Any CPU
		{2416D104-9666-4C30-80B0-7D5CD2BC3E4C}.Debug|Any CPU.Build.0 = Debug|Any CPU
		{2416D104-9666-4C30-80B0-7D5CD2BC3E4C}.Release|Any CPU.ActiveCfg = Release|Any CPU
		{2416D104-9666-4C30-80B0-7D5CD2BC3E4C}.Release|Any CPU.Build.0 = Release|Any CPU
	EndGlobalSection
	GlobalSection(SolutionProperties) = preSolution
		HideSolutionNode = FALSE
	EndGlobalSection
EndGlobal
